<?xml version="1.0" encoding="utf-8"?>
<Project ToolsVersion="17.0" xmlns="http://schemas.microsoft.com/developer/msbuild/2003">
  <ItemGroup>
    <CustomBuild Include="D:\Project\高性能并行编程与优化\hw03\CMakeFiles\9bf313585332edd2ce3397c72e722a1d\generate.stamp.rule">
      <Filter>CMake Rules</Filter>
    </CustomBuild>
  </ItemGroup>
  <ItemGroup>
    <Filter Include="CMake Rules">
      <UniqueIdentifier>{B1B09923-57C8-3619-AD51-CA2F508B53C4}</UniqueIdentifier>
    </Filter>
  </ItemGroup>
</Project>
